
Microsoft Visual Studio Solution File, Format Version 12.00
# Visual Studio Version 17
VisualStudioVersion = 17.10.35122.118
MinimumVisualStudioVersion = 10.0.40219.1
Project("{FAE04EC0-301F-11D3-BF4B-00C04F79EFBC}") = "Problemset-Collection-Server", "Problemset-Collection-Server.csproj", "{E5FDAFE0-4FC1-40EF-8CDF-0C9D5FBC44F4}"
EndProject
Global
	GlobalSection(SolutionConfigurationPlatforms) = preSolution
		Debug|Any CPU = Debug|Any CPU
		Release|Any CPU = Release|Any CPU
	EndGlobalSection
	GlobalSection(ProjectConfigurationPlatforms) = postSolution
		{E5FDAFE0-4FC1-40EF-8CDF-0C9D5FBC44F4}.Debug|Any CPU.ActiveCfg = Debug|Any CPU
		{E5FDAFE0-4FC1-40EF-8CDF-0C9D5FBC44F4}.Debug|Any CPU.Build.0 = Debug|Any CPU
		{E5FDAFE0-4FC1-40EF-8CDF-0C9D5FBC44F4}.Release|Any CPU.ActiveCfg = Release|Any CPU
		{E5FDAFE0-4FC1-40EF-8CDF-0C9D5FBC44F4}.Release|Any CPU.Build.0 = Release|Any CPU
	EndGlobalSection
	GlobalSection(SolutionProperties) = preSolution
		HideSolutionNode = FALSE
	EndGlobalSection
	GlobalSection(ExtensibilityGlobals) = postSolution
		SolutionGuid = {0FB9CB46-E199-4995-B76D-39D00A4723E7}
	EndGlobalSection
EndGlobal
